
Microsoft Visual Studio Solution File, Format Version 12.00
# Visual Studio Version 17
VisualStudioVersion = 17.9.34728.123
MinimumVisualStudioVersion = 10.0.40219.1
Project("{FAE04EC0-301F-11D3-BF4B-00C04F79EFBC}") = "web hinh tron", "web hinh tron.csproj", "{9D3689AC-42CD-499A-B1DB-10BF3D0A64EA}"
EndProject
Global
	GlobalSection(SolutionConfigurationPlatforms) = preSolution
		Debug|Any CPU = Debug|Any CPU
		Release|Any CPU = Release|Any CPU
	EndGlobalSection
	GlobalSection(ProjectConfigurationPlatforms) = postSolution
		{9D3689AC-42CD-499A-B1DB-10BF3D0A64EA}.Debug|Any CPU.ActiveCfg = Debug|Any CPU
		{9D3689AC-42CD-499A-B1DB-10BF3D0A64EA}.Debug|Any CPU.Build.0 = Debug|Any CPU
		{9D3689AC-42CD-499A-B1DB-10BF3D0A64EA}.Release|Any CPU.ActiveCfg = Release|Any CPU
		{9D3689AC-42CD-499A-B1DB-10BF3D0A64EA}.Release|Any CPU.Build.0 = Release|Any CPU
	EndGlobalSection
	GlobalSection(SolutionProperties) = preSolution
		HideSolutionNode = FALSE
	EndGlobalSection
	GlobalSection(ExtensibilityGlobals) = postSolution
		SolutionGuid = {8DEAA7D0-53F2-442B-BF81-7E7D5C7A1E96}
	EndGlobalSection
EndGlobal
